
Microsoft Visual Studio Solution File, Format Version 12.00
# Visual Studio Version 16
VisualStudioVersion = 16.0.30204.135
MinimumVisualStudioVersion = 10.0.40219.1
Project("{FAE04EC0-301F-11D3-BF4B-00C04F79EFBC}") = "Countries", "Countries\Countries.csproj", "{F4474C01-EC0E-4F9D-B300-FD42D70DC48A}"
EndProject
Project("{FAE04EC0-301F-11D3-BF4B-00C04F79EFBC}") = "ConsoleAppTester", "ConsoleAppTester\ConsoleAppTester.csproj", "{2D028B48-DD36-4DEA-900C-E4E2FA670900}"
EndProject
Project("{FAE04EC0-301F-11D3-BF4B-00C04F79EFBC}") = "PresentationLayer", "PresentationLayer\PresentationLayer.csproj", "{323468CD-3974-4BA8-8F3F-96FC2578F12B}"
EndProject
Global
	GlobalSection(SolutionConfigurationPlatforms) = preSolution
		Debug|Any CPU = Debug|Any CPU
		Release|Any CPU = Release|Any CPU
	EndGlobalSection
	GlobalSection(ProjectConfigurationPlatforms) = postSolution
		{F4474C01-EC0E-4F9D-B300-FD42D70DC48A}.Debug|Any CPU.ActiveCfg = Debug|Any CPU
		{F4474C01-EC0E-4F9D-B300-FD42D70DC48A}.Debug|Any CPU.Build.0 = Debug|Any CPU
		{F4474C01-EC0E-4F9D-B300-FD42D70DC48A}.Release|Any CPU.ActiveCfg = Release|Any CPU
		{F4474C01-EC0E-4F9D-B300-FD42D70DC48A}.Release|Any CPU.Build.0 = Release|Any CPU
		{2D028B48-DD36-4DEA-900C-E4E2FA670900}.Debug|Any CPU.ActiveCfg = Debug|Any CPU
		{2D028B48-DD36-4DEA-900C-E4E2FA670900}.Debug|Any CPU.Build.0 = Debug|Any CPU
		{2D028B48-DD36-4DEA-900C-E4E2FA670900}.Release|Any CPU.ActiveCfg = Release|Any CPU
		{2D028B48-DD36-4DEA-900C-E4E2FA670900}.Release|Any CPU.Build.0 = Release|Any CPU
		{323468CD-3974-4BA8-8F3F-96FC2578F12B}.Debug|Any CPU.ActiveCfg = Debug|Any CPU
		{323468CD-3974-4BA8-8F3F-96FC2578F12B}.Debug|Any CPU.Build.0 = Debug|Any CPU
		{323468CD-3974-4BA8-8F3F-96FC2578F12B}.Release|Any CPU.ActiveCfg = Release|Any CPU
		{323468CD-3974-4BA8-8F3F-96FC2578F12B}.Release|Any CPU.Build.0 = Release|Any CPU
	EndGlobalSection
	GlobalSection(SolutionProperties) = preSolution
		HideSolutionNode = FALSE
	EndGlobalSection
	GlobalSection(ExtensibilityGlobals) = postSolution
		SolutionGuid = {9D1C6653-ECCA-4CAC-986C-D7EAEB4C0F80}
	EndGlobalSection
EndGlobal
